
Microsoft Visual Studio Solution File, Format Version 12.00
# Visual Studio Version 17
VisualStudioVersion = 17.2.32616.157
MinimumVisualStudioVersion = 10.0.40219.1
Project("{9A19103F-16F7-4668-BE54-9A1E7A4F7556}") = "ServiceBroker_Consola", "ServiceBroker_Consola\ServiceBroker_Consola.csproj", "{6F3EDD52-C01D-4273-826E-B94A238333ED}"
EndProject
Global
	GlobalSection(SolutionConfigurationPlatforms) = preSolution
		Debug|Any CPU = Debug|Any CPU
		Release|Any CPU = Release|Any CPU
	EndGlobalSection
	GlobalSection(ProjectConfigurationPlatforms) = postSolution
		{6F3EDD52-C01D-4273-826E-B94A238333ED}.Debug|Any CPU.ActiveCfg = Debug|Any CPU
		{6F3EDD52-C01D-4273-826E-B94A238333ED}.Debug|Any CPU.Build.0 = Debug|Any CPU
		{6F3EDD52-C01D-4273-826E-B94A238333ED}.Release|Any CPU.ActiveCfg = Release|Any CPU
		{6F3EDD52-C01D-4273-826E-B94A238333ED}.Release|Any CPU.Build.0 = Release|Any CPU
	EndGlobalSection
	GlobalSection(SolutionProperties) = preSolution
		HideSolutionNode = FALSE
	EndGlobalSection
	GlobalSection(ExtensibilityGlobals) = postSolution
		SolutionGuid = {2B28A253-ACFE-41E9-B60E-A7E274BEB01E}
	EndGlobalSection
EndGlobal
